// !$*UTF8*$!
{
	archiveVersion = 1;
	classes = {
	};
	objectVersion = 55;
	objects = {

/* Begin PBXBuildFile section */
		0E04A39228D1B2200036D389 /* AppDelegate.swift in Sources */ = {isa = PBXBuildFile; fileRef = 0E04A39128D1B2200036D389 /* AppDelegate.swift */; };
		0E04A39428D1B2200036D389 /* SceneDelegate.swift in Sources */ = {isa = PBXBuildFile; fileRef = 0E04A39328D1B2200036D389 /* SceneDelegate.swift */; };
		0E04A39928D1B2200036D389 /* Main.storyboard in Resources */ = {isa = PBXBuildFile; fileRef = 0E04A39728D1B2200036D389 /* Main.storyboard */; };
		0E04A39B28D1B2220036D389 /* Assets.xcassets in Resources */ = {isa = PBXBuildFile; fileRef = 0E04A39A28D1B2220036D389 /* Assets.xcassets */; };
		0E04A39E28D1B2220036D389 /* LaunchScreen.storyboard in Resources */ = {isa = PBXBuildFile; fileRef = 0E04A39C28D1B2220036D389 /* LaunchScreen.storyboard */; };
		0E04A3A728D1B4C10036D389 /* SnapKit in Frameworks */ = {isa = PBXBuildFile; productRef = 0E04A3A628D1B4C10036D389 /* SnapKit */; };
		0E04A3AD28D1BF3C0036D389 /* ReusableProtocol.swift in Sources */ = {isa = PBXBuildFile; fileRef = 0E04A3AC28D1BF3C0036D389 /* ReusableProtocol.swift */; };
		0E04A3AF28D1C67B0036D389 /* BaseViewController.swift in Sources */ = {isa = PBXBuildFile; fileRef = 0E04A3AE28D1C67B0036D389 /* BaseViewController.swift */; };
		0E04A3B128D1C6AD0036D389 /* BaseView.swift in Sources */ = {isa = PBXBuildFile; fileRef = 0E04A3B028D1C6AD0036D389 /* BaseView.swift */; };
		0E04A3B328D1C6D00036D389 /* BaseTableViewCell.swift in Sources */ = {isa = PBXBuildFile; fileRef = 0E04A3B228D1C6D00036D389 /* BaseTableViewCell.swift */; };
		0E04A3B728D1C7220036D389 /* Constants.swift in Sources */ = {isa = PBXBuildFile; fileRef = 0E04A3B628D1C7220036D389 /* Constants.swift */; };
		0E04A3B928D1C7890036D389 /* Image.swift in Sources */ = {isa = PBXBuildFile; fileRef = 0E04A3B828D1C7890036D389 /* Image.swift */; };
		0E04A3BC28D1CEDF0036D389 /* UIColor+Extension.swift in Sources */ = {isa = PBXBuildFile; fileRef = 0E04A3BB28D1CEDF0036D389 /* UIColor+Extension.swift */; };
		0E04A3BE28D1D2930036D389 /* Transition+Extension.swift in Sources */ = {isa = PBXBuildFile; fileRef = 0E04A3BD28D1D2920036D389 /* Transition+Extension.swift */; };
		0E04A3C828D1D5030036D389 /* HomeViewController.swift in Sources */ = {isa = PBXBuildFile; fileRef = 0E04A3C728D1D5030036D389 /* HomeViewController.swift */; };
		0E04A3CA28D1D5C10036D389 /* TabBarController.swift in Sources */ = {isa = PBXBuildFile; fileRef = 0E04A3C928D1D5C10036D389 /* TabBarController.swift */; };
		0E04A3CC28D1D6C40036D389 /* InfoViewController.swift in Sources */ = {isa = PBXBuildFile; fileRef = 0E04A3CB28D1D6C40036D389 /* InfoViewController.swift */; };
		0E04A3CE28D1D8660036D389 /* PortfolioViewController.swift in Sources */ = {isa = PBXBuildFile; fileRef = 0E04A3CD28D1D8660036D389 /* PortfolioViewController.swift */; };
		0E04A3D028D205C60036D389 /* HomeView.swift in Sources */ = {isa = PBXBuildFile; fileRef = 0E04A3CF28D205C60036D389 /* HomeView.swift */; };
		0E04A3D328D215CA0036D389 /* FSCalendar in Frameworks */ = {isa = PBXBuildFile; productRef = 0E04A3D228D215CA0036D389 /* FSCalendar */; };
		0E2D652628DAE6F9002EF4BC /* PieSlice.swift in Sources */ = {isa = PBXBuildFile; fileRef = 0E2D652528DAE6F9002EF4BC /* PieSlice.swift */; };
		0E2D652828DAE7FF002EF4BC /* PieChartView.swift in Sources */ = {isa = PBXBuildFile; fileRef = 0E2D652728DAE7FF002EF4BC /* PieChartView.swift */; };
		0E2DB01128D32C8700CDFD14 /* TradingDiaryViewController.swift in Sources */ = {isa = PBXBuildFile; fileRef = 0E2DB01028D32C8600CDFD14 /* TradingDiaryViewController.swift */; };
		0E2DB01328D32D1B00CDFD14 /* TradingDiaryView.swift in Sources */ = {isa = PBXBuildFile; fileRef = 0E2DB01228D32D1B00CDFD14 /* TradingDiaryView.swift */; };
		0E2DB01528D3395900CDFD14 /* CorpNameTableViewCell.swift in Sources */ = {isa = PBXBuildFile; fileRef = 0E2DB01428D3395900CDFD14 /* CorpNameTableViewCell.swift */; };
		0E2DB01728D3398500CDFD14 /* TradeDateTableViewCell.swift in Sources */ = {isa = PBXBuildFile; fileRef = 0E2DB01628D3398400CDFD14 /* TradeDateTableViewCell.swift */; };
		0E2DB01928D3399600CDFD14 /* BuySellTableViewCell.swift in Sources */ = {isa = PBXBuildFile; fileRef = 0E2DB01828D3399600CDFD14 /* BuySellTableViewCell.swift */; };
		0E2DB01B28D339AB00CDFD14 /* NumPriceTableViewCell.swift in Sources */ = {isa = PBXBuildFile; fileRef = 0E2DB01A28D339AB00CDFD14 /* NumPriceTableViewCell.swift */; };
		0E2DB01D28D339BC00CDFD14 /* TradingMemoTableViewCell.swift in Sources */ = {isa = PBXBuildFile; fileRef = 0E2DB01C28D339BC00CDFD14 /* TradingMemoTableViewCell.swift */; };
		0E2DB01F28D33D0600CDFD14 /* UITextField+Extension.swift in Sources */ = {isa = PBXBuildFile; fileRef = 0E2DB01E28D33D0600CDFD14 /* UITextField+Extension.swift */; };
		0E37460428E0615F000EEBA7 /* EmptyView.swift in Sources */ = {isa = PBXBuildFile; fileRef = 0E37460328E0615F000EEBA7 /* EmptyView.swift */; };
		0E37460628E0CFBC000EEBA7 /* NetworkResult.swift in Sources */ = {isa = PBXBuildFile; fileRef = 0E37460528E0CFBC000EEBA7 /* NetworkResult.swift */; };
		0E37460828E0EA3F000EEBA7 /* AlphaMarketNewsResponse.swift in Sources */ = {isa = PBXBuildFile; fileRef = 0E37460728E0EA3F000EEBA7 /* AlphaMarketNewsResponse.swift */; };
		0E37460C28E0EF5C000EEBA7 /* SkeletonView in Frameworks */ = {isa = PBXBuildFile; productRef = 0E37460B28E0EF5C000EEBA7 /* SkeletonView */; };
		0E40BF6728D98AC900F99DEF /* ALPHAAPIManager.swift in Sources */ = {isa = PBXBuildFile; fileRef = 0E40BF6628D98AC900F99DEF /* ALPHAAPIManager.swift */; };
		0E40BF6928D98B0D00F99DEF /* MarketNewsData.swift in Sources */ = {isa = PBXBuildFile; fileRef = 0E40BF6828D98B0D00F99DEF /* MarketNewsData.swift */; };
		0E40BF6B28D9D53300F99DEF /* FEARGREEDAPIManager.swift in Sources */ = {isa = PBXBuildFile; fileRef = 0E40BF6A28D9D53300F99DEF /* FEARGREEDAPIManager.swift */; };
		0E40BF6D28D9D74100F99DEF /* FearGreedData.swift in Sources */ = {isa = PBXBuildFile; fileRef = 0E40BF6C28D9D74100F99DEF /* FearGreedData.swift */; };
		0E6E2FB428D24BF3004ED8D9 /* TradeTableViewCell.swift in Sources */ = {isa = PBXBuildFile; fileRef = 0E6E2FB328D24BF3004ED8D9 /* TradeTableViewCell.swift */; };
		0E87353D28D58F600039D802 /* SettingViewController.swift in Sources */ = {isa = PBXBuildFile; fileRef = 0E87353C28D58F600039D802 /* SettingViewController.swift */; };
		0E87354028D598840039D802 /* PageMode.swift in Sources */ = {isa = PBXBuildFile; fileRef = 0E87353F28D598840039D802 /* PageMode.swift */; };
		0E87354228D5DEC60039D802 /* String+Extension.swift in Sources */ = {isa = PBXBuildFile; fileRef = 0E87354128D5DEC50039D802 /* String+Extension.swift */; };
		0E87354528D5EFA80039D802 /* IQKeyboardManagerSwift in Frameworks */ = {isa = PBXBuildFile; productRef = 0E87354428D5EFA80039D802 /* IQKeyboardManagerSwift */; };
		0E87354728D609D10039D802 /* Word.swift in Sources */ = {isa = PBXBuildFile; fileRef = 0E87354628D609D00039D802 /* Word.swift */; };
		0E87354928D616060039D802 /* Date+Extension.swift in Sources */ = {isa = PBXBuildFile; fileRef = 0E87354828D616060039D802 /* Date+Extension.swift */; };
		0E9E9EBE28E1ED92009B5074 /* KRXListResponse.swift in Sources */ = {isa = PBXBuildFile; fileRef = 0E9E9EBD28E1ED92009B5074 /* KRXListResponse.swift */; };
		0EB85EE928D87419002145A2 /* InfoView.swift in Sources */ = {isa = PBXBuildFile; fileRef = 0EB85EE828D87419002145A2 /* InfoView.swift */; };
		0EB85EED28D874BF002145A2 /* NewsTableViewCell.swift in Sources */ = {isa = PBXBuildFile; fileRef = 0EB85EEC28D874BF002145A2 /* NewsTableViewCell.swift */; };
		0EB85EEF28D874FA002145A2 /* FearGreedGraphTableViewCell.swift in Sources */ = {isa = PBXBuildFile; fileRef = 0EB85EEE28D874FA002145A2 /* FearGreedGraphTableViewCell.swift */; };
		0EB85EF528D881A6002145A2 /* BaseCollectionViewCell.swift in Sources */ = {isa = PBXBuildFile; fileRef = 0EB85EF428D881A6002145A2 /* BaseCollectionViewCell.swift */; };
		0EB85EF728D8BC4E002145A2 /* CustomTableViewHeaderView.swift in Sources */ = {isa = PBXBuildFile; fileRef = 0EB85EF628D8BC4E002145A2 /* CustomTableViewHeaderView.swift */; };
		0EB85EFA28D8CB49002145A2 /* Kingfisher in Frameworks */ = {isa = PBXBuildFile; productRef = 0EB85EF928D8CB49002145A2 /* Kingfisher */; };
		0EB85EFC28D8D2C2002145A2 /* WebViewController.swift in Sources */ = {isa = PBXBuildFile; fileRef = 0EB85EFB28D8D2C2002145A2 /* WebViewController.swift */; };
		0ED1834028DBFF9300B31C2E /* TradeRecordView.swift in Sources */ = {isa = PBXBuildFile; fileRef = 0ED1833F28DBFF9300B31C2E /* TradeRecordView.swift */; };
		0ED1834228DE0B4B00B31C2E /* SettingView.swift in Sources */ = {isa = PBXBuildFile; fileRef = 0ED1834128DE0B4B00B31C2E /* SettingView.swift */; };
		0ED1834428DE0C3400B31C2E /* SettingTableViewCell.swift in Sources */ = {isa = PBXBuildFile; fileRef = 0ED1834328DE0C3400B31C2E /* SettingTableViewCell.swift */; };
		0ED1834628DF73C400B31C2E /* IndexData.swift in Sources */ = {isa = PBXBuildFile; fileRef = 0ED1834528DF73C400B31C2E /* IndexData.swift */; };
		0ED5D64F28DB6167009A1057 /* Tabman in Frameworks */ = {isa = PBXBuildFile; productRef = 0ED5D64E28DB6167009A1057 /* Tabman */; };
		0ED5D65128DB61D1009A1057 /* AssetStatusViewController.swift in Sources */ = {isa = PBXBuildFile; fileRef = 0ED5D65028DB61D1009A1057 /* AssetStatusViewController.swift */; };
		0ED5D65328DB61FC009A1057 /* TradeRecordViewController.swift in Sources */ = {isa = PBXBuildFile; fileRef = 0ED5D65228DB61FC009A1057 /* TradeRecordViewController.swift */; };
		0ED5D65A28DB6523009A1057 /* AssetStatusView.swift in Sources */ = {isa = PBXBuildFile; fileRef = 0ED5D65928DB6523009A1057 /* AssetStatusView.swift */; };
		0ED5D65C28DB7965009A1057 /* PortfolioChartView.swift in Sources */ = {isa = PBXBuildFile; fileRef = 0ED5D65B28DB7965009A1057 /* PortfolioChartView.swift */; };
		0EF4826528D4312C00CC8A49 /* TradingSearchViewController.swift in Sources */ = {isa = PBXBuildFile; fileRef = 0EF4826428D4312C00CC8A49 /* TradingSearchViewController.swift */; };
		0EF4826728D4593900CC8A49 /* SearchedStockTableViewCell.swift in Sources */ = {isa = PBXBuildFile; fileRef = 0EF4826628D4593900CC8A49 /* SearchedStockTableViewCell.swift */; };
		0EF4826928D4678600CC8A49 /* .gitignore in Resources */ = {isa = PBXBuildFile; fileRef = 0EF4826828D4678600CC8A49 /* .gitignore */; };
		0EF4826D28D467DD00CC8A49 /* APIKey.swift in Sources */ = {isa = PBXBuildFile; fileRef = 0EF4826C28D467DD00CC8A49 /* APIKey.swift */; };
		0EF4827028D468E200CC8A49 /* KRXModel.swift in Sources */ = {isa = PBXBuildFile; fileRef = 0EF4826F28D468E200CC8A49 /* KRXModel.swift */; };
		0EF4827228D469A900CC8A49 /* URL+Extension.swift in Sources */ = {isa = PBXBuildFile; fileRef = 0EF4827128D469A900CC8A49 /* URL+Extension.swift */; };
		0EF4827428D46AD300CC8A49 /* Endpoint.swift in Sources */ = {isa = PBXBuildFile; fileRef = 0EF4827328D46AD300CC8A49 /* Endpoint.swift */; };
		0EF4827628D46B8900CC8A49 /* KRXAPIManager.swift in Sources */ = {isa = PBXBuildFile; fileRef = 0EF4827528D46B8900CC8A49 /* KRXAPIManager.swift */; };
		0EF4827928D46BAB00CC8A49 /* Alamofire in Frameworks */ = {isa = PBXBuildFile; productRef = 0EF4827828D46BAB00CC8A49 /* Alamofire */; };
		0EF4827C28D46BC100CC8A49 /* SwiftyJSON in Frameworks */ = {isa = PBXBuildFile; productRef = 0EF4827B28D46BC100CC8A49 /* SwiftyJSON */; };
		0EF4828028D4E19600CC8A49 /* RealmModel.swift in Sources */ = {isa = PBXBuildFile; fileRef = 0EF4827F28D4E19600CC8A49 /* RealmModel.swift */; };
		0EF4828328D4E1D500CC8A49 /* Realm in Frameworks */ = {isa = PBXBuildFile; productRef = 0EF4828228D4E1D500CC8A49 /* Realm */; };
		0EF4828528D4E1D500CC8A49 /* RealmSwift in Frameworks */ = {isa = PBXBuildFile; productRef = 0EF4828428D4E1D500CC8A49 /* RealmSwift */; };
		0EF4828728D4E3C800CC8A49 /* UserMemoRepository.swift in Sources */ = {isa = PBXBuildFile; fileRef = 0EF4828628D4E3C800CC8A49 /* UserMemoRepository.swift */; };
/* End PBXBuildFile section */

/* Begin PBXFileReference section */
		0E04A38E28D1B2200036D389 /* DailyTradingDiary.app */ = {isa = PBXFileReference; explicitFileType = wrapper.application; includeInIndex = 0; path = DailyTradingDiary.app; sourceTree = BUILT_PRODUCTS_DIR; };
		0E04A39128D1B2200036D389 /* AppDelegate.swift */ = {isa = PBXFileReference; lastKnownFileType = sourcecode.swift; path = AppDelegate.swift; sourceTree = "<group>"; };
		0E04A39328D1B2200036D389 /* SceneDelegate.swift */ = {isa = PBXFileReference; lastKnownFileType = sourcecode.swift; path = SceneDelegate.swift; sourceTree = "<group>"; };
		0E04A39828D1B2200036D389 /* Base */ = {isa = PBXFileReference; lastKnownFileType = file.storyboard; name = Base; path = Base.lproj/Main.storyboard; sourceTree = "<group>"; };
		0E04A39A28D1B2220036D389 /* Assets.xcassets */ = {isa = PBXFileReference; lastKnownFileType = folder.assetcatalog; path = Assets.xcassets; sourceTree = "<group>"; };
		0E04A39D28D1B2220036D389 /* Base */ = {isa = PBXFileReference; lastKnownFileType = file.storyboard; name = Base; path = Base.lproj/LaunchScreen.storyboard; sourceTree = "<group>"; };
		0E04A39F28D1B2220036D389 /* Info.plist */ = {isa = PBXFileReference; lastKnownFileType = text.plist.xml; path = Info.plist; sourceTree = "<group>"; };
		0E04A3AC28D1BF3C0036D389 /* ReusableProtocol.swift */ = {isa = PBXFileReference; lastKnownFileType = sourcecode.swift; path = ReusableProtocol.swift; sourceTree = "<group>"; };
		0E04A3AE28D1C67B0036D389 /* BaseViewController.swift */ = {isa = PBXFileReference; lastKnownFileType = sourcecode.swift; path = BaseViewController.swift; sourceTree = "<group>"; };
		0E04A3B028D1C6AD0036D389 /* BaseView.swift */ = {isa = PBXFileReference; lastKnownFileType = sourcecode.swift; path = BaseView.swift; sourceTree = "<group>"; };
		0E04A3B228D1C6D00036D389 /* BaseTableViewCell.swift */ = {isa = PBXFileReference; lastKnownFileType = sourcecode.swift; path = BaseTableViewCell.swift; sourceTree = "<group>"; };
		0E04A3B628D1C7220036D389 /* Constants.swift */ = {isa = PBXFileReference; lastKnownFileType = sourcecode.swift; path = Constants.swift; sourceTree = "<group>"; };
		0E04A3B828D1C7890036D389 /* Image.swift */ = {isa = PBXFileReference; lastKnownFileType = sourcecode.swift; path = Image.swift; sourceTree = "<group>"; };
		0E04A3BB28D1CEDF0036D389 /* UIColor+Extension.swift */ = {isa = PBXFileReference; lastKnownFileType = sourcecode.swift; path = "UIColor+Extension.swift"; sourceTree = "<group>"; };
		0E04A3BD28D1D2920036D389 /* Transition+Extension.swift */ = {isa = PBXFileReference; lastKnownFileType = sourcecode.swift; path = "Transition+Extension.swift"; sourceTree = "<group>"; };
		0E04A3C728D1D5030036D389 /* HomeViewController.swift */ = {isa = PBXFileReference; lastKnownFileType = sourcecode.swift; path = HomeViewController.swift; sourceTree = "<group>"; };
		0E04A3C928D1D5C10036D389 /* TabBarController.swift */ = {isa = PBXFileReference; lastKnownFileType = sourcecode.swift; path = TabBarController.swift; sourceTree = "<group>"; };
		0E04A3CB28D1D6C40036D389 /* InfoViewController.swift */ = {isa = PBXFileReference; lastKnownFileType = sourcecode.swift; path = InfoViewController.swift; sourceTree = "<group>"; };
		0E04A3CD28D1D8660036D389 /* PortfolioViewController.swift */ = {isa = PBXFileReference; lastKnownFileType = sourcecode.swift; path = PortfolioViewController.swift; sourceTree = "<group>"; };
		0E04A3CF28D205C60036D389 /* HomeView.swift */ = {isa = PBXFileReference; lastKnownFileType = sourcecode.swift; path = HomeView.swift; sourceTree = "<group>"; };
		0E2D652528DAE6F9002EF4BC /* PieSlice.swift */ = {isa = PBXFileReference; lastKnownFileType = sourcecode.swift; path = PieSlice.swift; sourceTree = "<group>"; };
		0E2D652728DAE7FF002EF4BC /* PieChartView.swift */ = {isa = PBXFileReference; lastKnownFileType = sourcecode.swift; path = PieChartView.swift; sourceTree = "<group>"; };
		0E2DB01028D32C8600CDFD14 /* TradingDiaryViewController.swift */ = {isa = PBXFileReference; lastKnownFileType = sourcecode.swift; path = TradingDiaryViewController.swift; sourceTree = "<group>"; };
		0E2DB01228D32D1B00CDFD14 /* TradingDiaryView.swift */ = {isa = PBXFileReference; lastKnownFileType = sourcecode.swift; path = TradingDiaryView.swift; sourceTree = "<group>"; };
		0E2DB01428D3395900CDFD14 /* CorpNameTableViewCell.swift */ = {isa = PBXFileReference; lastKnownFileType = sourcecode.swift; path = CorpNameTableViewCell.swift; sourceTree = "<group>"; };
		0E2DB01628D3398400CDFD14 /* TradeDateTableViewCell.swift */ = {isa = PBXFileReference; lastKnownFileType = sourcecode.swift; path = TradeDateTableViewCell.swift; sourceTree = "<group>"; };
		0E2DB01828D3399600CDFD14 /* BuySellTableViewCell.swift */ = {isa = PBXFileReference; lastKnownFileType = sourcecode.swift; path = BuySellTableViewCell.swift; sourceTree = "<group>"; };
		0E2DB01A28D339AB00CDFD14 /* NumPriceTableViewCell.swift */ = {isa = PBXFileReference; lastKnownFileType = sourcecode.swift; path = NumPriceTableViewCell.swift; sourceTree = "<group>"; };
		0E2DB01C28D339BC00CDFD14 /* TradingMemoTableViewCell.swift */ = {isa = PBXFileReference; lastKnownFileType = sourcecode.swift; path = TradingMemoTableViewCell.swift; sourceTree = "<group>"; };
		0E2DB01E28D33D0600CDFD14 /* UITextField+Extension.swift */ = {isa = PBXFileReference; lastKnownFileType = sourcecode.swift; path = "UITextField+Extension.swift"; sourceTree = "<group>"; };
		0E37460328E0615F000EEBA7 /* EmptyView.swift */ = {isa = PBXFileReference; lastKnownFileType = sourcecode.swift; path = EmptyView.swift; sourceTree = "<group>"; };
		0E37460528E0CFBC000EEBA7 /* NetworkResult.swift */ = {isa = PBXFileReference; lastKnownFileType = sourcecode.swift; path = NetworkResult.swift; sourceTree = "<group>"; };
		0E37460728E0EA3F000EEBA7 /* AlphaMarketNewsResponse.swift */ = {isa = PBXFileReference; lastKnownFileType = sourcecode.swift; path = AlphaMarketNewsResponse.swift; sourceTree = "<group>"; };
		0E40BF6628D98AC900F99DEF /* ALPHAAPIManager.swift */ = {isa = PBXFileReference; lastKnownFileType = sourcecode.swift; path = ALPHAAPIManager.swift; sourceTree = "<group>"; };
		0E40BF6828D98B0D00F99DEF /* MarketNewsData.swift */ = {isa = PBXFileReference; lastKnownFileType = sourcecode.swift; path = MarketNewsData.swift; sourceTree = "<group>"; };
		0E40BF6A28D9D53300F99DEF /* FEARGREEDAPIManager.swift */ = {isa = PBXFileReference; lastKnownFileType = sourcecode.swift; path = FEARGREEDAPIManager.swift; sourceTree = "<group>"; };
		0E40BF6C28D9D74100F99DEF /* FearGreedData.swift */ = {isa = PBXFileReference; lastKnownFileType = sourcecode.swift; path = FearGreedData.swift; sourceTree = "<group>"; };
		0E6E2FB328D24BF3004ED8D9 /* TradeTableViewCell.swift */ = {isa = PBXFileReference; lastKnownFileType = sourcecode.swift; path = TradeTableViewCell.swift; sourceTree = "<group>"; };
		0E87353C28D58F600039D802 /* SettingViewController.swift */ = {isa = PBXFileReference; lastKnownFileType = sourcecode.swift; path = SettingViewController.swift; sourceTree = "<group>"; };
		0E87353F28D598840039D802 /* PageMode.swift */ = {isa = PBXFileReference; lastKnownFileType = sourcecode.swift; path = PageMode.swift; sourceTree = "<group>"; };
		0E87354128D5DEC50039D802 /* String+Extension.swift */ = {isa = PBXFileReference; lastKnownFileType = sourcecode.swift; path = "String+Extension.swift"; sourceTree = "<group>"; };
		0E87354628D609D00039D802 /* Word.swift */ = {isa = PBXFileReference; lastKnownFileType = sourcecode.swift; path = Word.swift; sourceTree = "<group>"; };
		0E87354828D616060039D802 /* Date+Extension.swift */ = {isa = PBXFileReference; lastKnownFileType = sourcecode.swift; path = "Date+Extension.swift"; sourceTree = "<group>"; };
		0E9E9EBD28E1ED92009B5074 /* KRXListResponse.swift */ = {isa = PBXFileReference; lastKnownFileType = sourcecode.swift; path = KRXListResponse.swift; sourceTree = "<group>"; };
		0EB85EE828D87419002145A2 /* InfoView.swift */ = {isa = PBXFileReference; lastKnownFileType = sourcecode.swift; path = InfoView.swift; sourceTree = "<group>"; };
		0EB85EEC28D874BF002145A2 /* NewsTableViewCell.swift */ = {isa = PBXFileReference; lastKnownFileType = sourcecode.swift; path = NewsTableViewCell.swift; sourceTree = "<group>"; };
		0EB85EEE28D874FA002145A2 /* FearGreedGraphTableViewCell.swift */ = {isa = PBXFileReference; lastKnownFileType = sourcecode.swift; path = FearGreedGraphTableViewCell.swift; sourceTree = "<group>"; };
		0EB85EF428D881A6002145A2 /* BaseCollectionViewCell.swift */ = {isa = PBXFileReference; lastKnownFileType = sourcecode.swift; path = BaseCollectionViewCell.swift; sourceTree = "<group>"; };
		0EB85EF628D8BC4E002145A2 /* CustomTableViewHeaderView.swift */ = {isa = PBXFileReference; lastKnownFileType = sourcecode.swift; path = CustomTableViewHeaderView.swift; sourceTree = "<group>"; };
		0EB85EFB28D8D2C2002145A2 /* WebViewController.swift */ = {isa = PBXFileReference; lastKnownFileType = sourcecode.swift; path = WebViewController.swift; sourceTree = "<group>"; };
		0ED1833F28DBFF9300B31C2E /* TradeRecordView.swift */ = {isa = PBXFileReference; lastKnownFileType = sourcecode.swift; path = TradeRecordView.swift; sourceTree = "<group>"; };
		0ED1834128DE0B4B00B31C2E /* SettingView.swift */ = {isa = PBXFileReference; lastKnownFileType = sourcecode.swift; path = SettingView.swift; sourceTree = "<group>"; };
		0ED1834328DE0C3400B31C2E /* SettingTableViewCell.swift */ = {isa = PBXFileReference; lastKnownFileType = sourcecode.swift; path = SettingTableViewCell.swift; sourceTree = "<group>"; };
		0ED1834528DF73C400B31C2E /* IndexData.swift */ = {isa = PBXFileReference; lastKnownFileType = sourcecode.swift; path = IndexData.swift; sourceTree = "<group>"; };
		0ED5D65028DB61D1009A1057 /* AssetStatusViewController.swift */ = {isa = PBXFileReference; lastKnownFileType = sourcecode.swift; path = AssetStatusViewController.swift; sourceTree = "<group>"; };
		0ED5D65228DB61FC009A1057 /* TradeRecordViewController.swift */ = {isa = PBXFileReference; lastKnownFileType = sourcecode.swift; path = TradeRecordViewController.swift; sourceTree = "<group>"; };
		0ED5D65928DB6523009A1057 /* AssetStatusView.swift */ = {isa = PBXFileReference; lastKnownFileType = sourcecode.swift; path = AssetStatusView.swift; sourceTree = "<group>"; };
		0ED5D65B28DB7965009A1057 /* PortfolioChartView.swift */ = {isa = PBXFileReference; lastKnownFileType = sourcecode.swift; path = PortfolioChartView.swift; sourceTree = "<group>"; };
		0EF4826428D4312C00CC8A49 /* TradingSearchViewController.swift */ = {isa = PBXFileReference; lastKnownFileType = sourcecode.swift; path = TradingSearchViewController.swift; sourceTree = "<group>"; };
		0EF4826628D4593900CC8A49 /* SearchedStockTableViewCell.swift */ = {isa = PBXFileReference; lastKnownFileType = sourcecode.swift; path = SearchedStockTableViewCell.swift; sourceTree = "<group>"; };
		0EF4826828D4678600CC8A49 /* .gitignore */ = {isa = PBXFileReference; lastKnownFileType = text; path = .gitignore; sourceTree = "<group>"; };
		0EF4826C28D467DD00CC8A49 /* APIKey.swift */ = {isa = PBXFileReference; lastKnownFileType = sourcecode.swift; path = APIKey.swift; sourceTree = "<group>"; };
		0EF4826F28D468E200CC8A49 /* KRXModel.swift */ = {isa = PBXFileReference; lastKnownFileType = sourcecode.swift; path = KRXModel.swift; sourceTree = "<group>"; };
		0EF4827128D469A900CC8A49 /* URL+Extension.swift */ = {isa = PBXFileReference; lastKnownFileType = sourcecode.swift; path = "URL+Extension.swift"; sourceTree = "<group>"; };
		0EF4827328D46AD300CC8A49 /* Endpoint.swift */ = {isa = PBXFileReference; lastKnownFileType = sourcecode.swift; path = Endpoint.swift; sourceTree = "<group>"; };
		0EF4827528D46B8900CC8A49 /* KRXAPIManager.swift */ = {isa = PBXFileReference; lastKnownFileType = sourcecode.swift; path = KRXAPIManager.swift; sourceTree = "<group>"; };
		0EF4827F28D4E19600CC8A49 /* RealmModel.swift */ = {isa = PBXFileReference; lastKnownFileType = sourcecode.swift; path = RealmModel.swift; sourceTree = "<group>"; };
		0EF4828628D4E3C800CC8A49 /* UserMemoRepository.swift */ = {isa = PBXFileReference; lastKnownFileType = sourcecode.swift; path = UserMemoRepository.swift; sourceTree = "<group>"; };
/* End PBXFileReference section */

/* Begin PBXFrameworksBuildPhase section */
		0E04A38B28D1B2200036D389 /* Frameworks */ = {
			isa = PBXFrameworksBuildPhase;
			buildActionMask = 2147483647;
			files = (
				0E87354528D5EFA80039D802 /* IQKeyboardManagerSwift in Frameworks */,
				0EF4828528D4E1D500CC8A49 /* RealmSwift in Frameworks */,
				0EF4827928D46BAB00CC8A49 /* Alamofire in Frameworks */,
				0E04A3A728D1B4C10036D389 /* SnapKit in Frameworks */,
				0E37460C28E0EF5C000EEBA7 /* SkeletonView in Frameworks */,
				0EB85EFA28D8CB49002145A2 /* Kingfisher in Frameworks */,
				0ED5D64F28DB6167009A1057 /* Tabman in Frameworks */,
				0EF4827C28D46BC100CC8A49 /* SwiftyJSON in Frameworks */,
				0E04A3D328D215CA0036D389 /* FSCalendar in Frameworks */,
				0EF4828328D4E1D500CC8A49 /* Realm in Frameworks */,
			);
			runOnlyForDeploymentPostprocessing = 0;
		};
/* End PBXFrameworksBuildPhase section */

/* Begin PBXGroup section */
		0E04A38528D1B2200036D389 = {
			isa = PBXGroup;
			children = (
				0EF4826828D4678600CC8A49 /* .gitignore */,
				0E04A39028D1B2200036D389 /* DailyTradingDiary */,
				0E04A38F28D1B2200036D389 /* Products */,
			);
			sourceTree = "<group>";
		};
		0E04A38F28D1B2200036D389 /* Products */ = {
			isa = PBXGroup;
			children = (
				0E04A38E28D1B2200036D389 /* DailyTradingDiary.app */,
			);
			name = Products;
			sourceTree = "<group>";
		};
		0E04A39028D1B2200036D389 /* DailyTradingDiary */ = {
			isa = PBXGroup;
			children = (
				0E04A39128D1B2200036D389 /* AppDelegate.swift */,
				0E04A39328D1B2200036D389 /* SceneDelegate.swift */,
				0E04A3C928D1D5C10036D389 /* TabBarController.swift */,
				0E04A39F28D1B2220036D389 /* Info.plist */,
				0E04A39728D1B2200036D389 /* Main.storyboard */,
				0E04A39C28D1B2220036D389 /* LaunchScreen.storyboard */,
				0E04A39A28D1B2220036D389 /* Assets.xcassets */,
				0EF4826B28D467C600CC8A49 /* Key */,
				0EF4826A28D467B900CC8A49 /* Network */,
				0EF4826E28D4687F00CC8A49 /* Data */,
				0EF4827E28D4E17C00CC8A49 /* Realm */,
				0E04A3BA28D1CECD0036D389 /* Extensions */,
				0E04A3A828D1B5C00036D389 /* Utility */,
				0E04A3C028D1D3DF0036D389 /* Scene */,
			);
			path = DailyTradingDiary;
			sourceTree = "<group>";
		};
		0E04A3A828D1B5C00036D389 /* Utility */ = {
			isa = PBXGroup;
			children = (
				0E04A3AC28D1BF3C0036D389 /* ReusableProtocol.swift */,
				0E87353E28D598730039D802 /* Enum */,
				0E04A3A928D1B5CF0036D389 /* Constants */,
				0E04A3AA28D1B5D70036D389 /* CustomView */,
				0E04A3AB28D1B5DF0036D389 /* BaseView */,
			);
			path = Utility;
			sourceTree = "<group>";
		};
		0E04A3A928D1B5CF0036D389 /* Constants */ = {
			isa = PBXGroup;
			children = (
				0E04A3B628D1C7220036D389 /* Constants.swift */,
				0E04A3B828D1C7890036D389 /* Image.swift */,
				0E87354628D609D00039D802 /* Word.swift */,
				0E2D652528DAE6F9002EF4BC /* PieSlice.swift */,
			);
			path = Constants;
			sourceTree = "<group>";
		};
		0E04A3AA28D1B5D70036D389 /* CustomView */ = {
			isa = PBXGroup;
			children = (
				0EB85EF628D8BC4E002145A2 /* CustomTableViewHeaderView.swift */,
				0E2D652728DAE7FF002EF4BC /* PieChartView.swift */,
				0ED5D65B28DB7965009A1057 /* PortfolioChartView.swift */,
				0E37460328E0615F000EEBA7 /* EmptyView.swift */,
			);
			path = CustomView;
			sourceTree = "<group>";
		};
		0E04A3AB28D1B5DF0036D389 /* BaseView */ = {
			isa = PBXGroup;
			children = (
				0E04A3AE28D1C67B0036D389 /* BaseViewController.swift */,
				0E04A3B028D1C6AD0036D389 /* BaseView.swift */,
				0E04A3B228D1C6D00036D389 /* BaseTableViewCell.swift */,
				0EB85EF428D881A6002145A2 /* BaseCollectionViewCell.swift */,
			);
			path = BaseView;
			sourceTree = "<group>";
		};
		0E04A3BA28D1CECD0036D389 /* Extensions */ = {
			isa = PBXGroup;
			children = (
				0E04A3BB28D1CEDF0036D389 /* UIColor+Extension.swift */,
				0E04A3BD28D1D2920036D389 /* Transition+Extension.swift */,
				0E2DB01E28D33D0600CDFD14 /* UITextField+Extension.swift */,
				0E87354128D5DEC50039D802 /* String+Extension.swift */,
				0E87354828D616060039D802 /* Date+Extension.swift */,
			);
			path = Extensions;
			sourceTree = "<group>";
		};
		0E04A3C028D1D3DF0036D389 /* Scene */ = {
			isa = PBXGroup;
			children = (
				0E87353B28D58F4F0039D802 /* Setting */,
				0E04A3C128D1D4240036D389 /* WalkThrough */,
				0E04A3C228D1D43E0036D389 /* Home */,
				0E04A3C528D1D4AB0036D389 /* TradingDiaryTemplate */,
				0EF4826328D430EE00CC8A49 /* Search */,
				0E04A3C328D1D44F0036D389 /* Info */,
				0E04A3C428D1D4630036D389 /* Portfolio */,
			);
			path = Scene;
			sourceTree = "<group>";
		};
		0E04A3C128D1D4240036D389 /* WalkThrough */ = {
			isa = PBXGroup;
			children = (
			);
			path = WalkThrough;
			sourceTree = "<group>";
		};
		0E04A3C228D1D43E0036D389 /* Home */ = {
			isa = PBXGroup;
			children = (
				0E04A3C728D1D5030036D389 /* HomeViewController.swift */,
				0E04A3CF28D205C60036D389 /* HomeView.swift */,
				0E6E2FB328D24BF3004ED8D9 /* TradeTableViewCell.swift */,
			);
			path = Home;
			sourceTree = "<group>";
		};
		0E04A3C328D1D44F0036D389 /* Info */ = {
			isa = PBXGroup;
			children = (
				0E04A3CB28D1D6C40036D389 /* InfoViewController.swift */,
				0EB85EE828D87419002145A2 /* InfoView.swift */,
				0EB85EEE28D874FA002145A2 /* FearGreedGraphTableViewCell.swift */,
				0EB85EEC28D874BF002145A2 /* NewsTableViewCell.swift */,
				0EB85EFB28D8D2C2002145A2 /* WebViewController.swift */,
			);
			path = Info;
			sourceTree = "<group>";
		};
		0E04A3C428D1D4630036D389 /* Portfolio */ = {
			isa = PBXGroup;
			children = (
				0E04A3CD28D1D8660036D389 /* PortfolioViewController.swift */,
				0ED5D65628DB64E5009A1057 /* firstVC */,
				0ED5D65728DB6503009A1057 /* secondVC */,
			);
			path = Portfolio;
			sourceTree = "<group>";
		};
		0E04A3C528D1D4AB0036D389 /* TradingDiaryTemplate */ = {
			isa = PBXGroup;
			children = (
				0E2DB01028D32C8600CDFD14 /* TradingDiaryViewController.swift */,
				0E2DB01228D32D1B00CDFD14 /* TradingDiaryView.swift */,
				0E2DB01428D3395900CDFD14 /* CorpNameTableViewCell.swift */,
				0E2DB01A28D339AB00CDFD14 /* NumPriceTableViewCell.swift */,
				0E2DB01828D3399600CDFD14 /* BuySellTableViewCell.swift */,
				0E2DB01628D3398400CDFD14 /* TradeDateTableViewCell.swift */,
				0E2DB01C28D339BC00CDFD14 /* TradingMemoTableViewCell.swift */,
			);
			path = TradingDiaryTemplate;
			sourceTree = "<group>";
		};
		0E87353B28D58F4F0039D802 /* Setting */ = {
			isa = PBXGroup;
			children = (
				0E87353C28D58F600039D802 /* SettingViewController.swift */,
				0ED1834128DE0B4B00B31C2E /* SettingView.swift */,
				0ED1834328DE0C3400B31C2E /* SettingTableViewCell.swift */,
			);
			path = Setting;
			sourceTree = "<group>";
		};
		0E87353E28D598730039D802 /* Enum */ = {
			isa = PBXGroup;
			children = (
				0E87353F28D598840039D802 /* PageMode.swift */,
			);
			path = Enum;
			sourceTree = "<group>";
		};
		0ED5D65628DB64E5009A1057 /* firstVC */ = {
			isa = PBXGroup;
			children = (
				0ED5D65028DB61D1009A1057 /* AssetStatusViewController.swift */,
				0ED5D65928DB6523009A1057 /* AssetStatusView.swift */,
			);
			path = firstVC;
			sourceTree = "<group>";
		};
		0ED5D65728DB6503009A1057 /* secondVC */ = {
			isa = PBXGroup;
			children = (
				0ED5D65228DB61FC009A1057 /* TradeRecordViewController.swift */,
				0ED1833F28DBFF9300B31C2E /* TradeRecordView.swift */,
			);
			path = secondVC;
			sourceTree = "<group>";
		};
		0EF4826328D430EE00CC8A49 /* Search */ = {
			isa = PBXGroup;
			children = (
				0EF4826428D4312C00CC8A49 /* TradingSearchViewController.swift */,
				0EF4826628D4593900CC8A49 /* SearchedStockTableViewCell.swift */,
			);
			path = Search;
			sourceTree = "<group>";
		};
		0EF4826A28D467B900CC8A49 /* Network */ = {
			isa = PBXGroup;
			children = (
				0E37460528E0CFBC000EEBA7 /* NetworkResult.swift */,
				0EF4827328D46AD300CC8A49 /* Endpoint.swift */,
				0EF4827128D469A900CC8A49 /* URL+Extension.swift */,
				0EF4827528D46B8900CC8A49 /* KRXAPIManager.swift */,
				0E40BF6628D98AC900F99DEF /* ALPHAAPIManager.swift */,
				0E40BF6A28D9D53300F99DEF /* FEARGREEDAPIManager.swift */,
			);
			path = Network;
			sourceTree = "<group>";
		};
		0EF4826B28D467C600CC8A49 /* Key */ = {
			isa = PBXGroup;
			children = (
				0EF4826C28D467DD00CC8A49 /* APIKey.swift */,
			);
			path = Key;
			sourceTree = "<group>";
		};
		0EF4826E28D4687F00CC8A49 /* Data */ = {
			isa = PBXGroup;
			children = (
				0EF4826F28D468E200CC8A49 /* KRXModel.swift */,
				0E40BF6828D98B0D00F99DEF /* MarketNewsData.swift */,
				0E40BF6C28D9D74100F99DEF /* FearGreedData.swift */,
				0ED1834528DF73C400B31C2E /* IndexData.swift */,
				0E37460728E0EA3F000EEBA7 /* AlphaMarketNewsResponse.swift */,
				0E9E9EBD28E1ED92009B5074 /* KRXListResponse.swift */,
			);
			path = Data;
			sourceTree = "<group>";
		};
		0EF4827E28D4E17C00CC8A49 /* Realm */ = {
			isa = PBXGroup;
			children = (
				0EF4827F28D4E19600CC8A49 /* RealmModel.swift */,
				0EF4828628D4E3C800CC8A49 /* UserMemoRepository.swift */,
			);
			path = Realm;
			sourceTree = "<group>";
		};
/* End PBXGroup section */

/* Begin PBXNativeTarget section */
		0E04A38D28D1B2200036D389 /* DailyTradingDiary */ = {
			isa = PBXNativeTarget;
			buildConfigurationList = 0E04A3A228D1B2220036D389 /* Build configuration list for PBXNativeTarget "DailyTradingDiary" */;
			buildPhases = (
				0E04A38A28D1B2200036D389 /* Sources */,
				0E04A38B28D1B2200036D389 /* Frameworks */,
				0E04A38C28D1B2200036D389 /* Resources */,
			);
			buildRules = (
			);
			dependencies = (
			);
			name = DailyTradingDiary;
			packageProductDependencies = (
				0E04A3A628D1B4C10036D389 /* SnapKit */,
				0E04A3D228D215CA0036D389 /* FSCalendar */,
				0EF4827828D46BAB00CC8A49 /* Alamofire */,
				0EF4827B28D46BC100CC8A49 /* SwiftyJSON */,
				0EF4828228D4E1D500CC8A49 /* Realm */,
				0EF4828428D4E1D500CC8A49 /* RealmSwift */,
				0E87354428D5EFA80039D802 /* IQKeyboardManagerSwift */,
				0EB85EF928D8CB49002145A2 /* Kingfisher */,
				0ED5D64E28DB6167009A1057 /* Tabman */,
				0E37460B28E0EF5C000EEBA7 /* SkeletonView */,
			);
			productName = DailyTradingDiary;
			productReference = 0E04A38E28D1B2200036D389 /* DailyTradingDiary.app */;
			productType = "com.apple.product-type.application";
		};
/* End PBXNativeTarget section */

/* Begin PBXProject section */
		0E04A38628D1B2200036D389 /* Project object */ = {
			isa = PBXProject;
			attributes = {
				BuildIndependentTargetsInParallel = 1;
				LastSwiftUpdateCheck = 1340;
				LastUpgradeCheck = 1340;
				TargetAttributes = {
					0E04A38D28D1B2200036D389 = {
						CreatedOnToolsVersion = 13.4.1;
						LastSwiftMigration = 1340;
					};
				};
			};
			buildConfigurationList = 0E04A38928D1B2200036D389 /* Build configuration list for PBXProject "DailyTradingDiary" */;
			compatibilityVersion = "Xcode 13.0";
			developmentRegion = en;
			hasScannedForEncodings = 0;
			knownRegions = (
				en,
				Base,
			);
			mainGroup = 0E04A38528D1B2200036D389;
			packageReferences = (
				0E04A3A528D1B4C10036D389 /* XCRemoteSwiftPackageReference "SnapKit" */,
				0E04A3D128D215CA0036D389 /* XCRemoteSwiftPackageReference "FSCalendar" */,
				0EF4827728D46BAB00CC8A49 /* XCRemoteSwiftPackageReference "Alamofire" */,
				0EF4827A28D46BC100CC8A49 /* XCRemoteSwiftPackageReference "SwiftyJSON" */,
				0EF4828128D4E1D500CC8A49 /* XCRemoteSwiftPackageReference "realm-swift" */,
				0E87354328D5EFA70039D802 /* XCRemoteSwiftPackageReference "IQKeyboardManager" */,
				0EB85EF828D8CB49002145A2 /* XCRemoteSwiftPackageReference "Kingfisher" */,
				0ED5D64D28DB6167009A1057 /* XCRemoteSwiftPackageReference "Tabman" */,
				0E37460A28E0EF5B000EEBA7 /* XCRemoteSwiftPackageReference "SkeletonView" */,
			);
			productRefGroup = 0E04A38F28D1B2200036D389 /* Products */;
			projectDirPath = "";
			projectRoot = "";
			targets = (
				0E04A38D28D1B2200036D389 /* DailyTradingDiary */,
			);
		};
/* End PBXProject section */

/* Begin PBXResourcesBuildPhase section */
		0E04A38C28D1B2200036D389 /* Resources */ = {
			isa = PBXResourcesBuildPhase;
			buildActionMask = 2147483647;
			files = (
				0EF4826928D4678600CC8A49 /* .gitignore in Resources */,
				0E04A39E28D1B2220036D389 /* LaunchScreen.storyboard in Resources */,
				0E04A39B28D1B2220036D389 /* Assets.xcassets in Resources */,
				0E04A39928D1B2200036D389 /* Main.storyboard in Resources */,
			);
			runOnlyForDeploymentPostprocessing = 0;
		};
/* End PBXResourcesBuildPhase section */

/* Begin PBXSourcesBuildPhase section */
		0E04A38A28D1B2200036D389 /* Sources */ = {
			isa = PBXSourcesBuildPhase;
			buildActionMask = 2147483647;
			files = (
				0EF4827028D468E200CC8A49 /* KRXModel.swift in Sources */,
				0E40BF6D28D9D74100F99DEF /* FearGreedData.swift in Sources */,
				0E04A3AF28D1C67B0036D389 /* BaseViewController.swift in Sources */,
				0E40BF6928D98B0D00F99DEF /* MarketNewsData.swift in Sources */,
				0ED5D65328DB61FC009A1057 /* TradeRecordViewController.swift in Sources */,
				0E87354928D616060039D802 /* Date+Extension.swift in Sources */,
				0E04A39228D1B2200036D389 /* AppDelegate.swift in Sources */,
				0E2DB01528D3395900CDFD14 /* CorpNameTableViewCell.swift in Sources */,
				0E04A3BC28D1CEDF0036D389 /* UIColor+Extension.swift in Sources */,
				0E87353D28D58F600039D802 /* SettingViewController.swift in Sources */,
				0ED1834628DF73C400B31C2E /* IndexData.swift in Sources */,
				0ED1834028DBFF9300B31C2E /* TradeRecordView.swift in Sources */,
				0E04A3D028D205C60036D389 /* HomeView.swift in Sources */,
				0EB85EED28D874BF002145A2 /* NewsTableViewCell.swift in Sources */,
				0EB85EF728D8BC4E002145A2 /* CustomTableViewHeaderView.swift in Sources */,
				0EB85EE928D87419002145A2 /* InfoView.swift in Sources */,
				0E37460428E0615F000EEBA7 /* EmptyView.swift in Sources */,
				0E04A3B128D1C6AD0036D389 /* BaseView.swift in Sources */,
				0E9E9EBE28E1ED92009B5074 /* KRXListResponse.swift in Sources */,
				0EF4827428D46AD300CC8A49 /* Endpoint.swift in Sources */,
				0E2D652628DAE6F9002EF4BC /* PieSlice.swift in Sources */,
				0E87354728D609D10039D802 /* Word.swift in Sources */,
				0E2DB01928D3399600CDFD14 /* BuySellTableViewCell.swift in Sources */,
				0E04A3B328D1C6D00036D389 /* BaseTableViewCell.swift in Sources */,
				0ED5D65A28DB6523009A1057 /* AssetStatusView.swift in Sources */,
				0EF4828728D4E3C800CC8A49 /* UserMemoRepository.swift in Sources */,
				0E40BF6B28D9D53300F99DEF /* FEARGREEDAPIManager.swift in Sources */,
				0E04A3BE28D1D2930036D389 /* Transition+Extension.swift in Sources */,
				0E2DB01F28D33D0600CDFD14 /* UITextField+Extension.swift in Sources */,
				0ED1834228DE0B4B00B31C2E /* SettingView.swift in Sources */,
				0EB85EF528D881A6002145A2 /* BaseCollectionViewCell.swift in Sources */,
				0E04A3AD28D1BF3C0036D389 /* ReusableProtocol.swift in Sources */,
				0EF4826528D4312C00CC8A49 /* TradingSearchViewController.swift in Sources */,
				0EB85EFC28D8D2C2002145A2 /* WebViewController.swift in Sources */,
				0E2D652828DAE7FF002EF4BC /* PieChartView.swift in Sources */,
				0ED5D65C28DB7965009A1057 /* PortfolioChartView.swift in Sources */,
				0EB85EEF28D874FA002145A2 /* FearGreedGraphTableViewCell.swift in Sources */,
				0E40BF6728D98AC900F99DEF /* ALPHAAPIManager.swift in Sources */,
				0ED5D65128DB61D1009A1057 /* AssetStatusViewController.swift in Sources */,
				0ED1834428DE0C3400B31C2E /* SettingTableViewCell.swift in Sources */,
				0E2DB01728D3398500CDFD14 /* TradeDateTableViewCell.swift in Sources */,
				0E87354228D5DEC60039D802 /* String+Extension.swift in Sources */,
				0E04A3C828D1D5030036D389 /* HomeViewController.swift in Sources */,
				0E04A39428D1B2200036D389 /* SceneDelegate.swift in Sources */,
				0E04A3CC28D1D6C40036D389 /* InfoViewController.swift in Sources */,
				0E37460828E0EA3F000EEBA7 /* AlphaMarketNewsResponse.swift in Sources */,
				0E04A3CA28D1D5C10036D389 /* TabBarController.swift in Sources */,
				0E04A3B728D1C7220036D389 /* Constants.swift in Sources */,
				0E04A3CE28D1D8660036D389 /* PortfolioViewController.swift in Sources */,
				0E6E2FB428D24BF3004ED8D9 /* TradeTableViewCell.swift in Sources */,
				0E2DB01D28D339BC00CDFD14 /* TradingMemoTableViewCell.swift in Sources */,
				0EF4827628D46B8900CC8A49 /* KRXAPIManager.swift in Sources */,
				0EF4828028D4E19600CC8A49 /* RealmModel.swift in Sources */,
				0EF4827228D469A900CC8A49 /* URL+Extension.swift in Sources */,
				0EF4826D28D467DD00CC8A49 /* APIKey.swift in Sources */,
				0E37460628E0CFBC000EEBA7 /* NetworkResult.swift in Sources */,
				0E2DB01B28D339AB00CDFD14 /* NumPriceTableViewCell.swift in Sources */,
				0E2DB01328D32D1B00CDFD14 /* TradingDiaryView.swift in Sources */,
				0E2DB01128D32C8700CDFD14 /* TradingDiaryViewController.swift in Sources */,
				0EF4826728D4593900CC8A49 /* SearchedStockTableViewCell.swift in Sources */,
				0E04A3B928D1C7890036D389 /* Image.swift in Sources */,
				0E87354028D598840039D802 /* PageMode.swift in Sources */,
			);
			runOnlyForDeploymentPostprocessing = 0;
		};
/* End PBXSourcesBuildPhase section */

/* Begin PBXVariantGroup section */
		0E04A39728D1B2200036D389 /* Main.storyboard */ = {
			isa = PBXVariantGroup;
			children = (
				0E04A39828D1B2200036D389 /* Base */,
			);
			name = Main.storyboard;
			sourceTree = "<group>";
		};
		0E04A39C28D1B2220036D389 /* LaunchScreen.storyboard */ = {
			isa = PBXVariantGroup;
			children = (
				0E04A39D28D1B2220036D389 /* Base */,
			);
			name = LaunchScreen.storyboard;
			sourceTree = "<group>";
		};
/* End PBXVariantGroup section */

/* Begin XCBuildConfiguration section */
		0E04A3A028D1B2220036D389 /* Debug */ = {
			isa = XCBuildConfiguration;
			buildSettings = {
				ALWAYS_SEARCH_USER_PATHS = NO;
				CLANG_ANALYZER_NONNULL = YES;
				CLANG_ANALYZER_NUMBER_OBJECT_CONVERSION = YES_AGGRESSIVE;
				CLANG_CXX_LANGUAGE_STANDARD = "gnu++17";
				CLANG_ENABLE_MODULES = YES;
				CLANG_ENABLE_OBJC_ARC = YES;
				CLANG_ENABLE_OBJC_WEAK = YES;
				CLANG_WARN_BLOCK_CAPTURE_AUTORELEASING = YES;
				CLANG_WARN_BOOL_CONVERSION = YES;
				CLANG_WARN_COMMA = YES;
				CLANG_WARN_CONSTANT_CONVERSION = YES;
				CLANG_WARN_DEPRECATED_OBJC_IMPLEMENTATIONS = YES;
				CLANG_WARN_DIRECT_OBJC_ISA_USAGE = YES_ERROR;
				CLANG_WARN_DOCUMENTATION_COMMENTS = YES;
				CLANG_WARN_EMPTY_BODY = YES;
				CLANG_WARN_ENUM_CONVERSION = YES;
				CLANG_WARN_INFINITE_RECURSION = YES;
				CLANG_WARN_INT_CONVERSION = YES;
				CLANG_WARN_NON_LITERAL_NULL_CONVERSION = YES;
				CLANG_WARN_OBJC_IMPLICIT_RETAIN_SELF = YES;
				CLANG_WARN_OBJC_LITERAL_CONVERSION = YES;
				CLANG_WARN_OBJC_ROOT_CLASS = YES_ERROR;
				CLANG_WARN_QUOTED_INCLUDE_IN_FRAMEWORK_HEADER = YES;
				CLANG_WARN_RANGE_LOOP_ANALYSIS = YES;
				CLANG_WARN_STRICT_PROTOTYPES = YES;
				CLANG_WARN_SUSPICIOUS_MOVE = YES;
				CLANG_WARN_UNGUARDED_AVAILABILITY = YES_AGGRESSIVE;
				CLANG_WARN_UNREACHABLE_CODE = YES;
				CLANG_WARN__DUPLICATE_METHOD_MATCH = YES;
				COPY_PHASE_STRIP = NO;
				DEBUG_INFORMATION_FORMAT = dwarf;
				ENABLE_STRICT_OBJC_MSGSEND = YES;
				ENABLE_TESTABILITY = YES;
				GCC_C_LANGUAGE_STANDARD = gnu11;
				GCC_DYNAMIC_NO_PIC = NO;
				GCC_NO_COMMON_BLOCKS = YES;
				GCC_OPTIMIZATION_LEVEL = 0;
				GCC_PREPROCESSOR_DEFINITIONS = (
					"DEBUG=1",
					"$(inherited)",
				);
				GCC_WARN_64_TO_32_BIT_CONVERSION = YES;
				GCC_WARN_ABOUT_RETURN_TYPE = YES_ERROR;
				GCC_WARN_UNDECLARED_SELECTOR = YES;
				GCC_WARN_UNINITIALIZED_AUTOS = YES_AGGRESSIVE;
				GCC_WARN_UNUSED_FUNCTION = YES;
				GCC_WARN_UNUSED_VARIABLE = YES;
				IPHONEOS_DEPLOYMENT_TARGET = 15.5;
				MTL_ENABLE_DEBUG_INFO = INCLUDE_SOURCE;
				MTL_FAST_MATH = YES;
				ONLY_ACTIVE_ARCH = YES;
				SDKROOT = iphoneos;
				SWIFT_ACTIVE_COMPILATION_CONDITIONS = DEBUG;
				SWIFT_OPTIMIZATION_LEVEL = "-Onone";
			};
			name = Debug;
		};
		0E04A3A128D1B2220036D389 /* Release */ = {
			isa = XCBuildConfiguration;
			buildSettings = {
				ALWAYS_SEARCH_USER_PATHS = NO;
				CLANG_ANALYZER_NONNULL = YES;
				CLANG_ANALYZER_NUMBER_OBJECT_CONVERSION = YES_AGGRESSIVE;
				CLANG_CXX_LANGUAGE_STANDARD = "gnu++17";
				CLANG_ENABLE_MODULES = YES;
				CLANG_ENABLE_OBJC_ARC = YES;
				CLANG_ENABLE_OBJC_WEAK = YES;
				CLANG_WARN_BLOCK_CAPTURE_AUTORELEASING = YES;
				CLANG_WARN_BOOL_CONVERSION = YES;
				CLANG_WARN_COMMA = YES;
				CLANG_WARN_CONSTANT_CONVERSION = YES;
				CLANG_WARN_DEPRECATED_OBJC_IMPLEMENTATIONS = YES;
				CLANG_WARN_DIRECT_OBJC_ISA_USAGE = YES_ERROR;
				CLANG_WARN_DOCUMENTATION_COMMENTS = YES;
				CLANG_WARN_EMPTY_BODY = YES;
				CLANG_WARN_ENUM_CONVERSION = YES;
				CLANG_WARN_INFINITE_RECURSION = YES;
				CLANG_WARN_INT_CONVERSION = YES;
				CLANG_WARN_NON_LITERAL_NULL_CONVERSION = YES;
				CLANG_WARN_OBJC_IMPLICIT_RETAIN_SELF = YES;
				CLANG_WARN_OBJC_LITERAL_CONVERSION = YES;
				CLANG_WARN_OBJC_ROOT_CLASS = YES_ERROR;
				CLANG_WARN_QUOTED_INCLUDE_IN_FRAMEWORK_HEADER = YES;
				CLANG_WARN_RANGE_LOOP_ANALYSIS = YES;
				CLANG_WARN_STRICT_PROTOTYPES = YES;
				CLANG_WARN_SUSPICIOUS_MOVE = YES;
				CLANG_WARN_UNGUARDED_AVAILABILITY = YES_AGGRESSIVE;
				CLANG_WARN_UNREACHABLE_CODE = YES;
				CLANG_WARN__DUPLICATE_METHOD_MATCH = YES;
				COPY_PHASE_STRIP = NO;
				DEBUG_INFORMATION_FORMAT = "dwarf-with-dsym";
				ENABLE_NS_ASSERTIONS = NO;
				ENABLE_STRICT_OBJC_MSGSEND = YES;
				GCC_C_LANGUAGE_STANDARD = gnu11;
				GCC_NO_COMMON_BLOCKS = YES;
				GCC_WARN_64_TO_32_BIT_CONVERSION = YES;
				GCC_WARN_ABOUT_RETURN_TYPE = YES_ERROR;
				GCC_WARN_UNDECLARED_SELECTOR = YES;
				GCC_WARN_UNINITIALIZED_AUTOS = YES_AGGRESSIVE;
				GCC_WARN_UNUSED_FUNCTION = YES;
				GCC_WARN_UNUSED_VARIABLE = YES;
				IPHONEOS_DEPLOYMENT_TARGET = 15.5;
				MTL_ENABLE_DEBUG_INFO = NO;
				MTL_FAST_MATH = YES;
				SDKROOT = iphoneos;
				SWIFT_COMPILATION_MODE = wholemodule;
				SWIFT_OPTIMIZATION_LEVEL = "-O";
				VALIDATE_PRODUCT = YES;
			};
			name = Release;
		};
		0E04A3A328D1B2220036D389 /* Debug */ = {
			isa = XCBuildConfiguration;
			buildSettings = {
				ASSETCATALOG_COMPILER_APPICON_NAME = AppIcon;
				ASSETCATALOG_COMPILER_GLOBAL_ACCENT_COLOR_NAME = AccentColor;
				CLANG_ENABLE_MODULES = YES;
				CODE_SIGN_STYLE = Automatic;
				CURRENT_PROJECT_VERSION = 1;
				DEVELOPMENT_TEAM = U8U4L6FXAF;
				GENERATE_INFOPLIST_FILE = YES;
				INFOPLIST_FILE = DailyTradingDiary/Info.plist;
				INFOPLIST_KEY_UIApplicationSupportsIndirectInputEvents = YES;
				INFOPLIST_KEY_UILaunchStoryboardName = LaunchScreen;
				INFOPLIST_KEY_UIMainStoryboardFile = Main;
				INFOPLIST_KEY_UISupportedInterfaceOrientations = UIInterfaceOrientationPortrait;
				INFOPLIST_KEY_UISupportedInterfaceOrientations_iPad = "UIInterfaceOrientationPortrait UIInterfaceOrientationPortraitUpsideDown UIInterfaceOrientationLandscapeLeft UIInterfaceOrientationLandscapeRight";
				INFOPLIST_KEY_UISupportedInterfaceOrientations_iPhone = "UIInterfaceOrientationPortrait UIInterfaceOrientationLandscapeLeft UIInterfaceOrientationLandscapeRight";
				LD_RUNPATH_SEARCH_PATHS = (
					"$(inherited)",
					"@executable_path/Frameworks",
				);
				MARKETING_VERSION = 1.0;
				PRODUCT_BUNDLE_IDENTIFIER = net.mhkang.DailyTradingDiary;
				PRODUCT_NAME = "$(TARGET_NAME)";
				SWIFT_EMIT_LOC_STRINGS = YES;
				SWIFT_INSTALL_OBJC_HEADER = YES;
				SWIFT_OBJC_BRIDGING_HEADER = "";
				SWIFT_OPTIMIZATION_LEVEL = "-Onone";
				SWIFT_VERSION = 5.0;
				TARGETED_DEVICE_FAMILY = 1;
			};
			name = Debug;
		};
		0E04A3A428D1B2220036D389 /* Release */ = {
			isa = XCBuildConfiguration;
			buildSettings = {
				ASSETCATALOG_COMPILER_APPICON_NAME = AppIcon;
				ASSETCATALOG_COMPILER_GLOBAL_ACCENT_COLOR_NAME = AccentColor;
				CLANG_ENABLE_MODULES = YES;
				CODE_SIGN_STYLE = Automatic;
				CURRENT_PROJECT_VERSION = 1;
				DEVELOPMENT_TEAM = U8U4L6FXAF;
				GENERATE_INFOPLIST_FILE = YES;
				INFOPLIST_FILE = DailyTradingDiary/Info.plist;
				INFOPLIST_KEY_UIApplicationSupportsIndirectInputEvents = YES;
				INFOPLIST_KEY_UILaunchStoryboardName = LaunchScreen;
				INFOPLIST_KEY_UIMainStoryboardFile = Main;
				INFOPLIST_KEY_UISupportedInterfaceOrientations = UIInterfaceOrientationPortrait;
				INFOPLIST_KEY_UISupportedInterfaceOrientations_iPad = "UIInterfaceOrientationPortrait UIInterfaceOrientationPortraitUpsideDown UIInterfaceOrientationLandscapeLeft UIInterfaceOrientationLandscapeRight";
				INFOPLIST_KEY_UISupportedInterfaceOrientations_iPhone = "UIInterfaceOrientationPortrait UIInterfaceOrientationLandscapeLeft UIInterfaceOrientationLandscapeRight";
				LD_RUNPATH_SEARCH_PATHS = (
					"$(inherited)",
					"@executable_path/Frameworks",
				);
				MARKETING_VERSION = 1.0;
				PRODUCT_BUNDLE_IDENTIFIER = net.mhkang.DailyTradingDiary;
				PRODUCT_NAME = "$(TARGET_NAME)";
				SWIFT_EMIT_LOC_STRINGS = YES;
				SWIFT_INSTALL_OBJC_HEADER = YES;
				SWIFT_OBJC_BRIDGING_HEADER = "";
				SWIFT_VERSION = 5.0;
				TARGETED_DEVICE_FAMILY = 1;
			};
			name = Release;
		};
/* End XCBuildConfiguration section */

/* Begin XCConfigurationList section */
		0E04A38928D1B2200036D389 /* Build configuration list for PBXProject "DailyTradingDiary" */ = {
			isa = XCConfigurationList;
			buildConfigurations = (
				0E04A3A028D1B2220036D389 /* Debug */,
				0E04A3A128D1B2220036D389 /* Release */,
			);
			defaultConfigurationIsVisible = 0;
			defaultConfigurationName = Release;
		};
		0E04A3A228D1B2220036D389 /* Build configuration list for PBXNativeTarget "DailyTradingDiary" */ = {
			isa = XCConfigurationList;
			buildConfigurations = (
				0E04A3A328D1B2220036D389 /* Debug */,
				0E04A3A428D1B2220036D389 /* Release */,
			);
			defaultConfigurationIsVisible = 0;
			defaultConfigurationName = Release;
		};
/* End XCConfigurationList section */

/* Begin XCRemoteSwiftPackageReference section */
		0E04A3A528D1B4C10036D389 /* XCRemoteSwiftPackageReference "SnapKit" */ = {
			isa = XCRemoteSwiftPackageReference;
			repositoryURL = "https://github.com/SnapKit/SnapKit.git";
			requirement = {
				kind = upToNextMajorVersion;
				minimumVersion = 5.0.0;
			};
		};
		0E04A3D128D215CA0036D389 /* XCRemoteSwiftPackageReference "FSCalendar" */ = {
			isa = XCRemoteSwiftPackageReference;
			repositoryURL = "https://github.com/WenchaoD/FSCalendar.git";
			requirement = {
				kind = upToNextMajorVersion;
				minimumVersion = 2.0.0;
			};
		};
		0E37460A28E0EF5B000EEBA7 /* XCRemoteSwiftPackageReference "SkeletonView" */ = {
			isa = XCRemoteSwiftPackageReference;
			repositoryURL = "https://github.com/Juanpe/SkeletonView.git";
			requirement = {
				kind = upToNextMajorVersion;
				minimumVersion = 1.0.0;
			};
		};
		0E87354328D5EFA70039D802 /* XCRemoteSwiftPackageReference "IQKeyboardManager" */ = {
			isa = XCRemoteSwiftPackageReference;
			repositoryURL = "https://github.com/hackiftekhar/IQKeyboardManager.git";
			requirement = {
				kind = exactVersion;
				version = 6.5.0;
			};
		};
		0EB85EF828D8CB49002145A2 /* XCRemoteSwiftPackageReference "Kingfisher" */ = {
			isa = XCRemoteSwiftPackageReference;
			repositoryURL = "https://github.com/onevcat/Kingfisher.git";
			requirement = {
				kind = upToNextMajorVersion;
				minimumVersion = 7.0.0;
			};
		};
		0ED5D64D28DB6167009A1057 /* XCRemoteSwiftPackageReference "Tabman" */ = {
			isa = XCRemoteSwiftPackageReference;
			repositoryURL = "https://github.com/uias/Tabman.git";
			requirement = {
				kind = upToNextMajorVersion;
				minimumVersion = 2.0.0;
			};
		};
		0EF4827728D46BAB00CC8A49 /* XCRemoteSwiftPackageReference "Alamofire" */ = {
			isa = XCRemoteSwiftPackageReference;
			repositoryURL = "https://github.com/Alamofire/Alamofire.git";
			requirement = {
				kind = upToNextMajorVersion;
				minimumVersion = 5.0.0;
			};
		};
		0EF4827A28D46BC100CC8A49 /* XCRemoteSwiftPackageReference "SwiftyJSON" */ = {
			isa = XCRemoteSwiftPackageReference;
			repositoryURL = "https://github.com/SwiftyJSON/SwiftyJSON.git";
			requirement = {
				kind = upToNextMajorVersion;
				minimumVersion = 5.0.0;
			};
		};
		0EF4828128D4E1D500CC8A49 /* XCRemoteSwiftPackageReference "realm-swift" */ = {
			isa = XCRemoteSwiftPackageReference;
			repositoryURL = "https://github.com/realm/realm-swift.git";
			requirement = {
				kind = upToNextMajorVersion;
				minimumVersion = 10.0.0;
			};
		};
/* End XCRemoteSwiftPackageReference section */

/* Begin XCSwiftPackageProductDependency section */
		0E04A3A628D1B4C10036D389 /* SnapKit */ = {
			isa = XCSwiftPackageProductDependency;
			package = 0E04A3A528D1B4C10036D389 /* XCRemoteSwiftPackageReference "SnapKit" */;
			productName = SnapKit;
		};
		0E04A3D228D215CA0036D389 /* FSCalendar */ = {
			isa = XCSwiftPackageProductDependency;
			package = 0E04A3D128D215CA0036D389 /* XCRemoteSwiftPackageReference "FSCalendar" */;
			productName = FSCalendar;
		};
		0E37460B28E0EF5C000EEBA7 /* SkeletonView */ = {
			isa = XCSwiftPackageProductDependency;
			package = 0E37460A28E0EF5B000EEBA7 /* XCRemoteSwiftPackageReference "SkeletonView" */;
			productName = SkeletonView;
		};
		0E87354428D5EFA80039D802 /* IQKeyboardManagerSwift */ = {
			isa = XCSwiftPackageProductDependency;
			package = 0E87354328D5EFA70039D802 /* XCRemoteSwiftPackageReference "IQKeyboardManager" */;
			productName = IQKeyboardManagerSwift;
		};
		0EB85EF928D8CB49002145A2 /* Kingfisher */ = {
			isa = XCSwiftPackageProductDependency;
			package = 0EB85EF828D8CB49002145A2 /* XCRemoteSwiftPackageReference "Kingfisher" */;
			productName = Kingfisher;
		};
		0ED5D64E28DB6167009A1057 /* Tabman */ = {
			isa = XCSwiftPackageProductDependency;
			package = 0ED5D64D28DB6167009A1057 /* XCRemoteSwiftPackageReference "Tabman" */;
			productName = Tabman;
		};
		0EF4827828D46BAB00CC8A49 /* Alamofire */ = {
			isa = XCSwiftPackageProductDependency;
			package = 0EF4827728D46BAB00CC8A49 /* XCRemoteSwiftPackageReference "Alamofire" */;
			productName = Alamofire;
		};
		0EF4827B28D46BC100CC8A49 /* SwiftyJSON */ = {
			isa = XCSwiftPackageProductDependency;
			package = 0EF4827A28D46BC100CC8A49 /* XCRemoteSwiftPackageReference "SwiftyJSON" */;
			productName = SwiftyJSON;
		};
		0EF4828228D4E1D500CC8A49 /* Realm */ = {
			isa = XCSwiftPackageProductDependency;
			package = 0EF4828128D4E1D500CC8A49 /* XCRemoteSwiftPackageReference "realm-swift" */;
			productName = Realm;
		};
		0EF4828428D4E1D500CC8A49 /* RealmSwift */ = {
			isa = XCSwiftPackageProductDependency;
			package = 0EF4828128D4E1D500CC8A49 /* XCRemoteSwiftPackageReference "realm-swift" */;
			productName = RealmSwift;
		};
/* End XCSwiftPackageProductDependency section */
	};
	rootObject = 0E04A38628D1B2200036D389 /* Project object */;
}
